
Microsoft Visual Studio Solution File, Format Version 12.00
# Visual Studio Version 17
VisualStudioVersion = 17.3.32804.467
MinimumVisualStudioVersion = 10.0.40219.1
Project("{FAE04EC0-301F-11D3-BF4B-00C04F79EFBC}") = "KanyeAndRon", "KanyeAndRon\KanyeAndRon.csproj", "{2EEAF1E3-9D3F-4A80-8443-BF8BB316B2AE}"
EndProject
Global
	GlobalSection(SolutionConfigurationPlatforms) = preSolution
		Debug|Any CPU = Debug|Any CPU
		Release|Any CPU = Release|Any CPU
	EndGlobalSection
	GlobalSection(ProjectConfigurationPlatforms) = postSolution
		{2EEAF1E3-9D3F-4A80-8443-BF8BB316B2AE}.Debug|Any CPU.ActiveCfg = Debug|Any CPU
		{2EEAF1E3-9D3F-4A80-8443-BF8BB316B2AE}.Debug|Any CPU.Build.0 = Debug|Any CPU
		{2EEAF1E3-9D3F-4A80-8443-BF8BB316B2AE}.Release|Any CPU.ActiveCfg = Release|Any CPU
		{2EEAF1E3-9D3F-4A80-8443-BF8BB316B2AE}.Release|Any CPU.Build.0 = Release|Any CPU
	EndGlobalSection
	GlobalSection(SolutionProperties) = preSolution
		HideSolutionNode = FALSE
	EndGlobalSection
	GlobalSection(ExtensibilityGlobals) = postSolution
		SolutionGuid = {119E2CF0-AC89-4AC7-B6A2-72357CB502CA}
	EndGlobalSection
EndGlobal
